
Microsoft Visual Studio Solution File, Format Version 12.00
# Visual Studio 15
VisualStudioVersion = 15.0.28307.902
MinimumVisualStudioVersion = 10.0.40219.1
Project("{FAE04EC0-301F-11D3-BF4B-00C04F79EFBC}") = "bodyInfoServer", "bodyInfoServer\bodyInfoServer.csproj", "{73368E1F-F9E6-4D74-B113-0A062752365B}"
EndProject
Global
	GlobalSection(SolutionConfigurationPlatforms) = preSolution
		Debug|Any CPU = Debug|Any CPU
		Release|Any CPU = Release|Any CPU
	EndGlobalSection
	GlobalSection(ProjectConfigurationPlatforms) = postSolution
		{73368E1F-F9E6-4D74-B113-0A062752365B}.Debug|Any CPU.ActiveCfg = Debug|Any CPU
		{73368E1F-F9E6-4D74-B113-0A062752365B}.Debug|Any CPU.Build.0 = Debug|Any CPU
		{73368E1F-F9E6-4D74-B113-0A062752365B}.Release|Any CPU.ActiveCfg = Release|Any CPU
		{73368E1F-F9E6-4D74-B113-0A062752365B}.Release|Any CPU.Build.0 = Release|Any CPU
	EndGlobalSection
	GlobalSection(SolutionProperties) = preSolution
		HideSolutionNode = FALSE
	EndGlobalSection
	GlobalSection(ExtensibilityGlobals) = postSolution
		SolutionGuid = {AB42934B-01A2-4AE3-ABB6-E0B192D24DE4}
	EndGlobalSection
EndGlobal
